// !$*UTF8*$!
{
	archiveVersion = 1;
	classes = {
	};
	objectVersion = 46;
	objects = {

/* Begin PBXBuildFile section */
		2B130D09185D897700D08633 /* help@2x.png in Resources */ = {isa = PBXBuildFile; fileRef = 2B130D08185D897700D08633 /* help@2x.png */; };
		2B130D0A185D974300D08633 /* aes_crypto.js in Resources */ = {isa = PBXBuildFile; fileRef = 2BF458851849AFFB007F0821 /* aes_crypto.js */; };
		2B340DD3182E3E0E00FA36F6 /* aes.js in Resources */ = {isa = PBXBuildFile; fileRef = 2B340DC7182E3DEC00FA36F6 /* aes.js */; };
		2B340DD4182E3E0E00FA36F6 /* cipher-core.js in Resources */ = {isa = PBXBuildFile; fileRef = 2B340DC8182E3DEC00FA36F6 /* cipher-core.js */; };
		2B340DD5182E3E0E00FA36F6 /* core.js in Resources */ = {isa = PBXBuildFile; fileRef = 2B340DC9182E3DEC00FA36F6 /* core.js */; };
		2B340DD6182E3E0E00FA36F6 /* enc-base64.js in Resources */ = {isa = PBXBuildFile; fileRef = 2B340DCA182E3DEC00FA36F6 /* enc-base64.js */; };
		2B340DD7182E3E0E00FA36F6 /* evpkdf.js in Resources */ = {isa = PBXBuildFile; fileRef = 2B340DCB182E3DEC00FA36F6 /* evpkdf.js */; };
		2B340DD8182E3E0E00FA36F6 /* md5.js in Resources */ = {isa = PBXBuildFile; fileRef = 2B340DCC182E3DEC00FA36F6 /* md5.js */; };
		2B4BA71F182EE3E1007CE59E /* TextViewDelegate.m in Sources */ = {isa = PBXBuildFile; fileRef = 2B4BA71E182EE3E1007CE59E /* TextViewDelegate.m */; };
		2B51DAB918288CAB008749DA /* Foundation.framework in Frameworks */ = {isa = PBXBuildFile; fileRef = 2B51DAB818288CAB008749DA /* Foundation.framework */; };
		2B51DABB18288CAB008749DA /* CoreGraphics.framework in Frameworks */ = {isa = PBXBuildFile; fileRef = 2B51DABA18288CAB008749DA /* CoreGraphics.framework */; };
		2B51DABD18288CAB008749DA /* UIKit.framework in Frameworks */ = {isa = PBXBuildFile; fileRef = 2B51DABC18288CAB008749DA /* UIKit.framework */; };
		2B51DAC318288CAB008749DA /* InfoPlist.strings in Resources */ = {isa = PBXBuildFile; fileRef = 2B51DAC118288CAB008749DA /* InfoPlist.strings */; };
		2B51DAC518288CAB008749DA /* main.m in Sources */ = {isa = PBXBuildFile; fileRef = 2B51DAC418288CAB008749DA /* main.m */; };
		2B51DAC918288CAB008749DA /* AppDelegate.m in Sources */ = {isa = PBXBuildFile; fileRef = 2B51DAC818288CAB008749DA /* AppDelegate.m */; };
		2B51DACC18288CAB008749DA /* Main_iPhone.storyboard in Resources */ = {isa = PBXBuildFile; fileRef = 2B51DACA18288CAB008749DA /* Main_iPhone.storyboard */; };
		2B51DACF18288CAB008749DA /* Main_iPad.storyboard in Resources */ = {isa = PBXBuildFile; fileRef = 2B51DACD18288CAB008749DA /* Main_iPad.storyboard */; };
		2B51DAD218288CAB008749DA /* ViewController.m in Sources */ = {isa = PBXBuildFile; fileRef = 2B51DAD118288CAB008749DA /* ViewController.m */; };
		2B51DAD418288CAB008749DA /* Images.xcassets in Resources */ = {isa = PBXBuildFile; fileRef = 2B51DAD318288CAB008749DA /* Images.xcassets */; };
		2B51DAF61828D5E6008749DA /* AESEncryptor.m in Sources */ = {isa = PBXBuildFile; fileRef = 2B51DAF51828D5E6008749DA /* AESEncryptor.m */; };
		2B6478901880B4B800AC0860 /* HelpViewController.m in Sources */ = {isa = PBXBuildFile; fileRef = 2B64788F1880B4B800AC0860 /* HelpViewController.m */; };
		2B64789A1880BC4F00AC0860 /* Localizable.strings in Resources */ = {isa = PBXBuildFile; fileRef = 2B64789C1880BC4F00AC0860 /* Localizable.strings */; };
		2B7D27371841B1DF0031F1E7 /* XCTest.framework in Frameworks */ = {isa = PBXBuildFile; fileRef = 2B51DADA18288CAB008749DA /* XCTest.framework */; };
		2B7D27381841B1DF0031F1E7 /* Foundation.framework in Frameworks */ = {isa = PBXBuildFile; fileRef = 2B51DAB818288CAB008749DA /* Foundation.framework */; };
		2B7D27391841B1DF0031F1E7 /* UIKit.framework in Frameworks */ = {isa = PBXBuildFile; fileRef = 2B51DABC18288CAB008749DA /* UIKit.framework */; };
		2B7D273F1841B1DF0031F1E7 /* InfoPlist.strings in Resources */ = {isa = PBXBuildFile; fileRef = 2B7D273D1841B1DF0031F1E7 /* InfoPlist.strings */; };
		2B7D27411841B1DF0031F1E7 /* AESCryptoTests.m in Sources */ = {isa = PBXBuildFile; fileRef = 2B7D27401841B1DF0031F1E7 /* AESCryptoTests.m */; };
		2BFB895B1841B8B10095E9C1 /* TestIncludes.h in Resources */ = {isa = PBXBuildFile; fileRef = 2BFB89581841B8B10095E9C1 /* TestIncludes.h */; };
		2BFB895E1841B91C0095E9C1 /* TextViewDelegateTests.m in Sources */ = {isa = PBXBuildFile; fileRef = 2BFB895D1841B91C0095E9C1 /* TextViewDelegateTests.m */; };
		2BFB89601841B9C20095E9C1 /* EncryptorTests.m in Sources */ = {isa = PBXBuildFile; fileRef = 2BFB895F1841B9C20095E9C1 /* EncryptorTests.m */; };
		2BFF38ED184AE2E900F5D849 /* title@2x.png in Resources */ = {isa = PBXBuildFile; fileRef = 2BFF38EC184AE2E900F5D849 /* title@2x.png */; };
		939C2086DFC04E08BC90B670 /* libPods-AESCryptoTests.a in Frameworks */ = {isa = PBXBuildFile; fileRef = A17836BF6CC043F399E586DA /* libPods-AESCryptoTests.a */; };
/* End PBXBuildFile section */

/* Begin PBXContainerItemProxy section */
		2B7D27431841B1DF0031F1E7 /* PBXContainerItemProxy */ = {
			isa = PBXContainerItemProxy;
			containerPortal = 2B51DAAD18288CAB008749DA /* Project object */;
			proxyType = 1;
			remoteGlobalIDString = 2B51DAB418288CAB008749DA;
			remoteInfo = AESTextEncryption;
		};
/* End PBXContainerItemProxy section */

/* Begin PBXFileReference section */
		2B130D08185D897700D08633 /* help@2x.png */ = {isa = PBXFileReference; lastKnownFileType = image.png; path = "help@2x.png"; sourceTree = "<group>"; };
		2B340DC7182E3DEC00FA36F6 /* aes.js */ = {isa = PBXFileReference; fileEncoding = 4; lastKnownFileType = sourcecode.javascript; path = aes.js; sourceTree = "<group>"; };
		2B340DC8182E3DEC00FA36F6 /* cipher-core.js */ = {isa = PBXFileReference; fileEncoding = 4; lastKnownFileType = sourcecode.javascript; path = "cipher-core.js"; sourceTree = "<group>"; };
		2B340DC9182E3DEC00FA36F6 /* core.js */ = {isa = PBXFileReference; fileEncoding = 4; lastKnownFileType = sourcecode.javascript; path = core.js; sourceTree = "<group>"; };
		2B340DCA182E3DEC00FA36F6 /* enc-base64.js */ = {isa = PBXFileReference; fileEncoding = 4; lastKnownFileType = sourcecode.javascript; path = "enc-base64.js"; sourceTree = "<group>"; };
		2B340DCB182E3DEC00FA36F6 /* evpkdf.js */ = {isa = PBXFileReference; fileEncoding = 4; lastKnownFileType = sourcecode.javascript; path = evpkdf.js; sourceTree = "<group>"; };
		2B340DCC182E3DEC00FA36F6 /* md5.js */ = {isa = PBXFileReference; fileEncoding = 4; lastKnownFileType = sourcecode.javascript; path = md5.js; sourceTree = "<group>"; };
		2B4BA71D182EE3E1007CE59E /* TextViewDelegate.h */ = {isa = PBXFileReference; fileEncoding = 4; lastKnownFileType = sourcecode.c.h; path = TextViewDelegate.h; sourceTree = "<group>"; };
		2B4BA71E182EE3E1007CE59E /* TextViewDelegate.m */ = {isa = PBXFileReference; fileEncoding = 4; lastKnownFileType = sourcecode.c.objc; path = TextViewDelegate.m; sourceTree = "<group>"; };
		2B51DAB518288CAB008749DA /* AES Crypto.app */ = {isa = PBXFileReference; explicitFileType = wrapper.application; includeInIndex = 0; path = "AES Crypto.app"; sourceTree = BUILT_PRODUCTS_DIR; };
		2B51DAB818288CAB008749DA /* Foundation.framework */ = {isa = PBXFileReference; lastKnownFileType = wrapper.framework; name = Foundation.framework; path = System/Library/Frameworks/Foundation.framework; sourceTree = SDKROOT; };
		2B51DABA18288CAB008749DA /* CoreGraphics.framework */ = {isa = PBXFileReference; lastKnownFileType = wrapper.framework; name = CoreGraphics.framework; path = System/Library/Frameworks/CoreGraphics.framework; sourceTree = SDKROOT; };
		2B51DABC18288CAB008749DA /* UIKit.framework */ = {isa = PBXFileReference; lastKnownFileType = wrapper.framework; name = UIKit.framework; path = System/Library/Frameworks/UIKit.framework; sourceTree = SDKROOT; };
		2B51DAC018288CAB008749DA /* AESTextEncryption-Info.plist */ = {isa = PBXFileReference; lastKnownFileType = text.plist.xml; path = "AESTextEncryption-Info.plist"; sourceTree = "<group>"; };
		2B51DAC218288CAB008749DA /* en */ = {isa = PBXFileReference; lastKnownFileType = text.plist.strings; name = en; path = en.lproj/InfoPlist.strings; sourceTree = "<group>"; };
		2B51DAC418288CAB008749DA /* main.m */ = {isa = PBXFileReference; lastKnownFileType = sourcecode.c.objc; path = main.m; sourceTree = "<group>"; };
		2B51DAC618288CAB008749DA /* AESTextEncryption-Prefix.pch */ = {isa = PBXFileReference; lastKnownFileType = sourcecode.c.h; path = "AESTextEncryption-Prefix.pch"; sourceTree = "<group>"; };
		2B51DAC718288CAB008749DA /* AppDelegate.h */ = {isa = PBXFileReference; lastKnownFileType = sourcecode.c.h; path = AppDelegate.h; sourceTree = "<group>"; };
		2B51DAC818288CAB008749DA /* AppDelegate.m */ = {isa = PBXFileReference; lastKnownFileType = sourcecode.c.objc; path = AppDelegate.m; sourceTree = "<group>"; };
		2B51DACB18288CAB008749DA /* Base */ = {isa = PBXFileReference; lastKnownFileType = file.storyboard; name = Base; path = Base.lproj/Main_iPhone.storyboard; sourceTree = "<group>"; };
		2B51DACE18288CAB008749DA /* Base */ = {isa = PBXFileReference; lastKnownFileType = file.storyboard; name = Base; path = Base.lproj/Main_iPad.storyboard; sourceTree = "<group>"; };
		2B51DAD018288CAB008749DA /* ViewController.h */ = {isa = PBXFileReference; lastKnownFileType = sourcecode.c.h; path = ViewController.h; sourceTree = "<group>"; };
		2B51DAD118288CAB008749DA /* ViewController.m */ = {isa = PBXFileReference; lastKnownFileType = sourcecode.c.objc; path = ViewController.m; sourceTree = "<group>"; };
		2B51DAD318288CAB008749DA /* Images.xcassets */ = {isa = PBXFileReference; lastKnownFileType = folder.assetcatalog; path = Images.xcassets; sourceTree = "<group>"; };
		2B51DADA18288CAB008749DA /* XCTest.framework */ = {isa = PBXFileReference; lastKnownFileType = wrapper.framework; name = XCTest.framework; path = Library/Frameworks/XCTest.framework; sourceTree = DEVELOPER_DIR; };
		2B51DAF41828D5E6008749DA /* AESEncryptor.h */ = {isa = PBXFileReference; fileEncoding = 4; lastKnownFileType = sourcecode.c.h; path = AESEncryptor.h; sourceTree = "<group>"; };
		2B51DAF51828D5E6008749DA /* AESEncryptor.m */ = {isa = PBXFileReference; fileEncoding = 4; lastKnownFileType = sourcecode.c.objc; path = AESEncryptor.m; sourceTree = "<group>"; };
		2B64788E1880B4B800AC0860 /* HelpViewController.h */ = {isa = PBXFileReference; fileEncoding = 4; lastKnownFileType = sourcecode.c.h; path = HelpViewController.h; sourceTree = "<group>"; };
		2B64788F1880B4B800AC0860 /* HelpViewController.m */ = {isa = PBXFileReference; fileEncoding = 4; lastKnownFileType = sourcecode.c.objc; path = HelpViewController.m; sourceTree = "<group>"; };
		2B6478931880BA7F00AC0860 /* Base */ = {isa = PBXFileReference; lastKnownFileType = text.plist.strings; name = Base; path = Base.lproj/InfoPlist.strings; sourceTree = "<group>"; };
		2B64789B1880BC4F00AC0860 /* Base */ = {isa = PBXFileReference; lastKnownFileType = text.plist.strings; name = Base; path = Base.lproj/Localizable.strings; sourceTree = "<group>"; };
		2B7D27361841B1DF0031F1E7 /* AESCryptoTests.xctest */ = {isa = PBXFileReference; explicitFileType = wrapper.cfbundle; includeInIndex = 0; path = AESCryptoTests.xctest; sourceTree = BUILT_PRODUCTS_DIR; };
		2B7D273C1841B1DF0031F1E7 /* AESCryptoTests-Info.plist */ = {isa = PBXFileReference; lastKnownFileType = text.plist.xml; path = "AESCryptoTests-Info.plist"; sourceTree = "<group>"; };
		2B7D273E1841B1DF0031F1E7 /* en */ = {isa = PBXFileReference; lastKnownFileType = text.plist.strings; name = en; path = en.lproj/InfoPlist.strings; sourceTree = "<group>"; };
		2B7D27401841B1DF0031F1E7 /* AESCryptoTests.m */ = {isa = PBXFileReference; lastKnownFileType = sourcecode.c.objc; path = AESCryptoTests.m; sourceTree = "<group>"; };
		2B7D27421841B1DF0031F1E7 /* AESCryptoTests-Prefix.pch */ = {isa = PBXFileReference; lastKnownFileType = sourcecode.c.h; path = "AESCryptoTests-Prefix.pch"; sourceTree = "<group>"; };
		2BF458851849AFFB007F0821 /* aes_crypto.js */ = {isa = PBXFileReference; fileEncoding = 4; lastKnownFileType = sourcecode.javascript; path = aes_crypto.js; sourceTree = "<group>"; };
		2BFB89581841B8B10095E9C1 /* TestIncludes.h */ = {isa = PBXFileReference; fileEncoding = 4; lastKnownFileType = sourcecode.c.h; path = TestIncludes.h; sourceTree = "<group>"; };
		2BFB895D1841B91C0095E9C1 /* TextViewDelegateTests.m */ = {isa = PBXFileReference; fileEncoding = 4; lastKnownFileType = sourcecode.c.objc; path = TextViewDelegateTests.m; sourceTree = "<group>"; };
		2BFB895F1841B9C20095E9C1 /* EncryptorTests.m */ = {isa = PBXFileReference; fileEncoding = 4; lastKnownFileType = sourcecode.c.objc; path = EncryptorTests.m; sourceTree = "<group>"; };
		2BFF38EC184AE2E900F5D849 /* title@2x.png */ = {isa = PBXFileReference; lastKnownFileType = image.png; path = "title@2x.png"; sourceTree = "<group>"; };
		960FB1C5A6B8454A8AC8F4A2 /* Pods-AESCryptoTests.xcconfig */ = {isa = PBXFileReference; includeInIndex = 1; lastKnownFileType = text.xcconfig; name = "Pods-AESCryptoTests.xcconfig"; path = "Pods/Pods-AESCryptoTests.xcconfig"; sourceTree = "<group>"; };
		A17836BF6CC043F399E586DA /* libPods-AESCryptoTests.a */ = {isa = PBXFileReference; explicitFileType = archive.ar; includeInIndex = 0; path = "libPods-AESCryptoTests.a"; sourceTree = BUILT_PRODUCTS_DIR; };
/* End PBXFileReference section */

/* Begin PBXFrameworksBuildPhase section */
		2B51DAB218288CAB008749DA /* Frameworks */ = {
			isa = PBXFrameworksBuildPhase;
			buildActionMask = 2147483647;
			files = (
				2B51DABB18288CAB008749DA /* CoreGraphics.framework in Frameworks */,
				2B51DABD18288CAB008749DA /* UIKit.framework in Frameworks */,
				2B51DAB918288CAB008749DA /* Foundation.framework in Frameworks */,
			);
			runOnlyForDeploymentPostprocessing = 0;
		};
		2B7D27331841B1DF0031F1E7 /* Frameworks */ = {
			isa = PBXFrameworksBuildPhase;
			buildActionMask = 2147483647;
			files = (
				2B7D27371841B1DF0031F1E7 /* XCTest.framework in Frameworks */,
				2B7D27391841B1DF0031F1E7 /* UIKit.framework in Frameworks */,
				2B7D27381841B1DF0031F1E7 /* Foundation.framework in Frameworks */,
				939C2086DFC04E08BC90B670 /* libPods-AESCryptoTests.a in Frameworks */,
			);
			runOnlyForDeploymentPostprocessing = 0;
		};
/* End PBXFrameworksBuildPhase section */

/* Begin PBXGroup section */
		2B1CEB141837295700D3346C /* images */ = {
			isa = PBXGroup;
			children = (
				2B130D08185D897700D08633 /* help@2x.png */,
				2BFF38EC184AE2E900F5D849 /* title@2x.png */,
			);
			name = images;
			sourceTree = "<group>";
		};
		2B340DB8182E3A8800FA36F6 /* crypto-js */ = {
			isa = PBXGroup;
			children = (
				2B340DC7182E3DEC00FA36F6 /* aes.js */,
				2B340DC8182E3DEC00FA36F6 /* cipher-core.js */,
				2B340DC9182E3DEC00FA36F6 /* core.js */,
				2B340DCA182E3DEC00FA36F6 /* enc-base64.js */,
				2B340DCB182E3DEC00FA36F6 /* evpkdf.js */,
				2B340DCC182E3DEC00FA36F6 /* md5.js */,
			);
			name = "crypto-js";
			sourceTree = "<group>";
		};
		2B51DAAC18288CAB008749DA = {
			isa = PBXGroup;
			children = (
				2B51DABE18288CAB008749DA /* AESTextEncryption */,
				2B7D273A1841B1DF0031F1E7 /* AESCryptoTests */,
				2B51DAB718288CAB008749DA /* Frameworks */,
				2B51DAB618288CAB008749DA /* Products */,
				960FB1C5A6B8454A8AC8F4A2 /* Pods-AESCryptoTests.xcconfig */,
			);
			sourceTree = "<group>";
		};
		2B51DAB618288CAB008749DA /* Products */ = {
			isa = PBXGroup;
			children = (
				2B51DAB518288CAB008749DA /* AES Crypto.app */,
				2B7D27361841B1DF0031F1E7 /* AESCryptoTests.xctest */,
			);
			name = Products;
			sourceTree = "<group>";
		};
		2B51DAB718288CAB008749DA /* Frameworks */ = {
			isa = PBXGroup;
			children = (
				2B51DAB818288CAB008749DA /* Foundation.framework */,
				2B51DABA18288CAB008749DA /* CoreGraphics.framework */,
				2B51DABC18288CAB008749DA /* UIKit.framework */,
				2B51DADA18288CAB008749DA /* XCTest.framework */,
				A17836BF6CC043F399E586DA /* libPods-AESCryptoTests.a */,
			);
			name = Frameworks;
			sourceTree = "<group>";
		};
		2B51DABE18288CAB008749DA /* AESTextEncryption */ = {
			isa = PBXGroup;
			children = (
				2B1CEB141837295700D3346C /* images */,
				2B51DAF81828DF75008749DA /* javascript */,
				2B51DAC718288CAB008749DA /* AppDelegate.h */,
				2B51DAC818288CAB008749DA /* AppDelegate.m */,
				2B51DACA18288CAB008749DA /* Main_iPhone.storyboard */,
				2B51DACD18288CAB008749DA /* Main_iPad.storyboard */,
				2B51DAD018288CAB008749DA /* ViewController.h */,
				2B51DAD118288CAB008749DA /* ViewController.m */,
				2B51DAD318288CAB008749DA /* Images.xcassets */,
				2B51DABF18288CAB008749DA /* Supporting Files */,
				2B51DAF41828D5E6008749DA /* AESEncryptor.h */,
				2B51DAF51828D5E6008749DA /* AESEncryptor.m */,
				2B4BA71D182EE3E1007CE59E /* TextViewDelegate.h */,
				2B4BA71E182EE3E1007CE59E /* TextViewDelegate.m */,
				2B64788E1880B4B800AC0860 /* HelpViewController.h */,
				2B64788F1880B4B800AC0860 /* HelpViewController.m */,
			);
			path = AESTextEncryption;
			sourceTree = "<group>";
		};
		2B51DABF18288CAB008749DA /* Supporting Files */ = {
			isa = PBXGroup;
			children = (
				2B51DAC018288CAB008749DA /* AESTextEncryption-Info.plist */,
				2B51DAC118288CAB008749DA /* InfoPlist.strings */,
				2B51DAC418288CAB008749DA /* main.m */,
				2B51DAC618288CAB008749DA /* AESTextEncryption-Prefix.pch */,
				2B64789C1880BC4F00AC0860 /* Localizable.strings */,
			);
			name = "Supporting Files";
			sourceTree = "<group>";
		};
		2B51DAF81828DF75008749DA /* javascript */ = {
			isa = PBXGroup;
			children = (
				2BF458851849AFFB007F0821 /* aes_crypto.js */,
				2B340DB8182E3A8800FA36F6 /* crypto-js */,
			);
			name = javascript;
			sourceTree = "<group>";
		};
		2B7D273A1841B1DF0031F1E7 /* AESCryptoTests */ = {
			isa = PBXGroup;
			children = (
				2BFB895F1841B9C20095E9C1 /* EncryptorTests.m */,
				2BFB895D1841B91C0095E9C1 /* TextViewDelegateTests.m */,
				2BFB89581841B8B10095E9C1 /* TestIncludes.h */,
				2B7D27401841B1DF0031F1E7 /* AESCryptoTests.m */,
				2B7D273B1841B1DF0031F1E7 /* Supporting Files */,
			);
			path = AESCryptoTests;
			sourceTree = "<group>";
		};
		2B7D273B1841B1DF0031F1E7 /* Supporting Files */ = {
			isa = PBXGroup;
			children = (
				2B7D273C1841B1DF0031F1E7 /* AESCryptoTests-Info.plist */,
				2B7D273D1841B1DF0031F1E7 /* InfoPlist.strings */,
				2B7D27421841B1DF0031F1E7 /* AESCryptoTests-Prefix.pch */,
			);
			name = "Supporting Files";
			sourceTree = "<group>";
		};
/* End PBXGroup section */

/* Begin PBXNativeTarget section */
		2B51DAB418288CAB008749DA /* AESTextEncryption */ = {
			isa = PBXNativeTarget;
			buildConfigurationList = 2B51DAEA18288CAB008749DA /* Build configuration list for PBXNativeTarget "AESTextEncryption" */;
			buildPhases = (
				2B51DAB118288CAB008749DA /* Sources */,
				2B51DAB218288CAB008749DA /* Frameworks */,
				2B51DAB318288CAB008749DA /* Resources */,
			);
			buildRules = (
			);
			dependencies = (
			);
			name = AESTextEncryption;
			productName = AESTextEncryption;
			productReference = 2B51DAB518288CAB008749DA /* AES Crypto.app */;
			productType = "com.apple.product-type.application";
		};
		2B7D27351841B1DF0031F1E7 /* AESCryptoTests */ = {
			isa = PBXNativeTarget;
			buildConfigurationList = 2B7D27451841B1DF0031F1E7 /* Build configuration list for PBXNativeTarget "AESCryptoTests" */;
			buildPhases = (
				8C4AE6AF6319488698AC67D6 /* Check Pods Manifest.lock */,
				2B7D27321841B1DF0031F1E7 /* Sources */,
				2B7D27331841B1DF0031F1E7 /* Frameworks */,
				2B7D27341841B1DF0031F1E7 /* Resources */,
				031B2925A56A4131806DD5F3 /* Copy Pods Resources */,
			);
			buildRules = (
			);
			dependencies = (
				2B7D27441841B1DF0031F1E7 /* PBXTargetDependency */,
			);
			name = AESCryptoTests;
			productName = AESCryptoTests;
			productReference = 2B7D27361841B1DF0031F1E7 /* AESCryptoTests.xctest */;
			productType = "com.apple.product-type.bundle.unit-test";
		};
/* End PBXNativeTarget section */

/* Begin PBXProject section */
		2B51DAAD18288CAB008749DA /* Project object */ = {
			isa = PBXProject;
			attributes = {
				LastUpgradeCheck = 0500;
				ORGANIZATIONNAME = "Evgenii Neumerzhitckii";
				TargetAttributes = {
					2B51DAB418288CAB008749DA = {
						DevelopmentTeam = BS677JRE62;
					};
					2B7D27351841B1DF0031F1E7 = {
						TestTargetID = 2B51DAB418288CAB008749DA;
					};
				};
			};
			buildConfigurationList = 2B51DAB018288CAB008749DA /* Build configuration list for PBXProject "AESTextEncryption" */;
			compatibilityVersion = "Xcode 3.2";
			developmentRegion = English;
			hasScannedForEncodings = 0;
			knownRegions = (
				en,
				Base,
			);
			mainGroup = 2B51DAAC18288CAB008749DA;
			productRefGroup = 2B51DAB618288CAB008749DA /* Products */;
			projectDirPath = "";
			projectRoot = "";
			targets = (
				2B51DAB418288CAB008749DA /* AESTextEncryption */,
				2B7D27351841B1DF0031F1E7 /* AESCryptoTests */,
			);
		};
/* End PBXProject section */

/* Begin PBXResourcesBuildPhase section */
		2B51DAB318288CAB008749DA /* Resources */ = {
			isa = PBXResourcesBuildPhase;
			buildActionMask = 2147483647;
			files = (
				2B130D0A185D974300D08633 /* aes_crypto.js in Resources */,
				2B340DD3182E3E0E00FA36F6 /* aes.js in Resources */,
				2B340DD4182E3E0E00FA36F6 /* cipher-core.js in Resources */,
				2B64789A1880BC4F00AC0860 /* Localizable.strings in Resources */,
				2B340DD5182E3E0E00FA36F6 /* core.js in Resources */,
				2B340DD6182E3E0E00FA36F6 /* enc-base64.js in Resources */,
				2B340DD7182E3E0E00FA36F6 /* evpkdf.js in Resources */,
				2B130D09185D897700D08633 /* help@2x.png in Resources */,
				2B340DD8182E3E0E00FA36F6 /* md5.js in Resources */,
				2BFF38ED184AE2E900F5D849 /* title@2x.png in Resources */,
				2B51DACF18288CAB008749DA /* Main_iPad.storyboard in Resources */,
				2B51DAD418288CAB008749DA /* Images.xcassets in Resources */,
				2B51DACC18288CAB008749DA /* Main_iPhone.storyboard in Resources */,
				2B51DAC318288CAB008749DA /* InfoPlist.strings in Resources */,
			);
			runOnlyForDeploymentPostprocessing = 0;
		};
		2B7D27341841B1DF0031F1E7 /* Resources */ = {
			isa = PBXResourcesBuildPhase;
			buildActionMask = 2147483647;
			files = (
				2B7D273F1841B1DF0031F1E7 /* InfoPlist.strings in Resources */,
				2BFB895B1841B8B10095E9C1 /* TestIncludes.h in Resources */,
			);
			runOnlyForDeploymentPostprocessing = 0;
		};
/* End PBXResourcesBuildPhase section */

/* Begin PBXShellScriptBuildPhase section */
		031B2925A56A4131806DD5F3 /* Copy Pods Resources */ = {
			isa = PBXShellScriptBuildPhase;
			buildActionMask = 2147483647;
			files = (
			);
			inputPaths = (
			);
			name = "Copy Pods Resources";
			outputPaths = (
			);
			runOnlyForDeploymentPostprocessing = 0;
			shellPath = /bin/sh;
			shellScript = "\"${SRCROOT}/Pods/Pods-AESCryptoTests-resources.sh\"\n";
			showEnvVarsInLog = 0;
		};
		8C4AE6AF6319488698AC67D6 /* Check Pods Manifest.lock */ = {
			isa = PBXShellScriptBuildPhase;
			buildActionMask = 2147483647;
			files = (
			);
			inputPaths = (
			);
			name = "Check Pods Manifest.lock";
			outputPaths = (
			);
			runOnlyForDeploymentPostprocessing = 0;
			shellPath = /bin/sh;
			shellScript = "diff \"${PODS_ROOT}/../Podfile.lock\" \"${PODS_ROOT}/Manifest.lock\" > /dev/null\nif [[ $? != 0 ]] ; then\n    cat << EOM\nerror: The sandbox is not in sync with the Podfile.lock. Run 'pod install' or update your CocoaPods installation.\nEOM\n    exit 1\nfi\n";
			showEnvVarsInLog = 0;
		};
/* End PBXShellScriptBuildPhase section */

/* Begin PBXSourcesBuildPhase section */
		2B51DAB118288CAB008749DA /* Sources */ = {
			isa = PBXSourcesBuildPhase;
			buildActionMask = 2147483647;
			files = (
				2B51DAF61828D5E6008749DA /* AESEncryptor.m in Sources */,
				2B6478901880B4B800AC0860 /* HelpViewController.m in Sources */,
				2B51DAD218288CAB008749DA /* ViewController.m in Sources */,
				2B51DAC918288CAB008749DA /* AppDelegate.m in Sources */,
				2B51DAC518288CAB008749DA /* main.m in Sources */,
				2B4BA71F182EE3E1007CE59E /* TextViewDelegate.m in Sources */,
			);
			runOnlyForDeploymentPostprocessing = 0;
		};
		2B7D27321841B1DF0031F1E7 /* Sources */ = {
			isa = PBXSourcesBuildPhase;
			buildActionMask = 2147483647;
			files = (
				2BFB89601841B9C20095E9C1 /* EncryptorTests.m in Sources */,
				2BFB895E1841B91C0095E9C1 /* TextViewDelegateTests.m in Sources */,
				2B7D27411841B1DF0031F1E7 /* AESCryptoTests.m in Sources */,
			);
			runOnlyForDeploymentPostprocessing = 0;
		};
/* End PBXSourcesBuildPhase section */

/* Begin PBXTargetDependency section */
		2B7D27441841B1DF0031F1E7 /* PBXTargetDependency */ = {
			isa = PBXTargetDependency;
			target = 2B51DAB418288CAB008749DA /* AESTextEncryption */;
			targetProxy = 2B7D27431841B1DF0031F1E7 /* PBXContainerItemProxy */;
		};
/* End PBXTargetDependency section */

/* Begin PBXVariantGroup section */
		2B51DAC118288CAB008749DA /* InfoPlist.strings */ = {
			isa = PBXVariantGroup;
			children = (
				2B51DAC218288CAB008749DA /* en */,
				2B6478931880BA7F00AC0860 /* Base */,
			);
			name = InfoPlist.strings;
			sourceTree = "<group>";
		};
		2B51DACA18288CAB008749DA /* Main_iPhone.storyboard */ = {
			isa = PBXVariantGroup;
			children = (
				2B51DACB18288CAB008749DA /* Base */,
			);
			name = Main_iPhone.storyboard;
			sourceTree = "<group>";
		};
		2B51DACD18288CAB008749DA /* Main_iPad.storyboard */ = {
			isa = PBXVariantGroup;
			children = (
				2B51DACE18288CAB008749DA /* Base */,
			);
			name = Main_iPad.storyboard;
			sourceTree = "<group>";
		};
		2B64789C1880BC4F00AC0860 /* Localizable.strings */ = {
			isa = PBXVariantGroup;
			children = (
				2B64789B1880BC4F00AC0860 /* Base */,
			);
			name = Localizable.strings;
			sourceTree = "<group>";
		};
		2B7D273D1841B1DF0031F1E7 /* InfoPlist.strings */ = {
			isa = PBXVariantGroup;
			children = (
				2B7D273E1841B1DF0031F1E7 /* en */,
			);
			name = InfoPlist.strings;
			sourceTree = "<group>";
		};
/* End PBXVariantGroup section */

/* Begin XCBuildConfiguration section */
		2B51DAE818288CAB008749DA /* Debug */ = {
			isa = XCBuildConfiguration;
			buildSettings = {
				ALWAYS_SEARCH_USER_PATHS = NO;
				ARCHS = "$(ARCHS_STANDARD_INCLUDING_64_BIT)";
				CLANG_CXX_LANGUAGE_STANDARD = "gnu++0x";
				CLANG_CXX_LIBRARY = "libc++";
				CLANG_ENABLE_MODULES = YES;
				CLANG_ENABLE_OBJC_ARC = YES;
				CLANG_WARN_BOOL_CONVERSION = YES;
				CLANG_WARN_CONSTANT_CONVERSION = YES;
				CLANG_WARN_DIRECT_OBJC_ISA_USAGE = YES_ERROR;
				CLANG_WARN_EMPTY_BODY = YES;
				CLANG_WARN_ENUM_CONVERSION = YES;
				CLANG_WARN_INT_CONVERSION = YES;
				CLANG_WARN_OBJC_ROOT_CLASS = YES_ERROR;
				CLANG_WARN__DUPLICATE_METHOD_MATCH = YES;
				"CODE_SIGN_IDENTITY[sdk=iphoneos*]" = "iPhone Developer";
				COPY_PHASE_STRIP = NO;
				GCC_C_LANGUAGE_STANDARD = gnu99;
				GCC_DYNAMIC_NO_PIC = NO;
				GCC_OPTIMIZATION_LEVEL = 0;
				GCC_PREPROCESSOR_DEFINITIONS = (
					"DEBUG=1",
					"$(inherited)",
				);
				GCC_SYMBOLS_PRIVATE_EXTERN = NO;
				GCC_WARN_64_TO_32_BIT_CONVERSION = YES;
				GCC_WARN_ABOUT_RETURN_TYPE = YES_ERROR;
				GCC_WARN_UNDECLARED_SELECTOR = YES;
				GCC_WARN_UNINITIALIZED_AUTOS = YES;
				GCC_WARN_UNUSED_FUNCTION = YES;
				GCC_WARN_UNUSED_VARIABLE = YES;
				IPHONEOS_DEPLOYMENT_TARGET = 7.0;
				ONLY_ACTIVE_ARCH = YES;
				SDKROOT = iphoneos;
				TARGETED_DEVICE_FAMILY = "1,2";
			};
			name = Debug;
		};
		2B51DAE918288CAB008749DA /* Release */ = {
			isa = XCBuildConfiguration;
			buildSettings = {
				ALWAYS_SEARCH_USER_PATHS = NO;
				ARCHS = "$(ARCHS_STANDARD_INCLUDING_64_BIT)";
				CLANG_CXX_LANGUAGE_STANDARD = "gnu++0x";
				CLANG_CXX_LIBRARY = "libc++";
				CLANG_ENABLE_MODULES = YES;
				CLANG_ENABLE_OBJC_ARC = YES;
				CLANG_WARN_BOOL_CONVERSION = YES;
				CLANG_WARN_CONSTANT_CONVERSION = YES;
				CLANG_WARN_DIRECT_OBJC_ISA_USAGE = YES_ERROR;
				CLANG_WARN_EMPTY_BODY = YES;
				CLANG_WARN_ENUM_CONVERSION = YES;
				CLANG_WARN_INT_CONVERSION = YES;
				CLANG_WARN_OBJC_ROOT_CLASS = YES_ERROR;
				CLANG_WARN__DUPLICATE_METHOD_MATCH = YES;
				"CODE_SIGN_IDENTITY[sdk=iphoneos*]" = "iPhone Developer";
				COPY_PHASE_STRIP = YES;
				ENABLE_NS_ASSERTIONS = NO;
				GCC_C_LANGUAGE_STANDARD = gnu99;
				GCC_WARN_64_TO_32_BIT_CONVERSION = YES;
				GCC_WARN_ABOUT_RETURN_TYPE = YES_ERROR;
				GCC_WARN_UNDECLARED_SELECTOR = YES;
				GCC_WARN_UNINITIALIZED_AUTOS = YES;
				GCC_WARN_UNUSED_FUNCTION = YES;
				GCC_WARN_UNUSED_VARIABLE = YES;
				IPHONEOS_DEPLOYMENT_TARGET = 7.0;
				SDKROOT = iphoneos;
				TARGETED_DEVICE_FAMILY = "1,2";
				VALIDATE_PRODUCT = YES;
			};
			name = Release;
		};
		2B51DAEB18288CAB008749DA /* Debug */ = {
			isa = XCBuildConfiguration;
			buildSettings = {
				ASSETCATALOG_COMPILER_APPICON_NAME = AppIcon;
				ASSETCATALOG_COMPILER_LAUNCHIMAGE_NAME = LaunchImage;
				CODE_SIGN_IDENTITY = "iPhone Developer";
				GCC_PRECOMPILE_PREFIX_HEADER = YES;
				GCC_PREFIX_HEADER = "AESTextEncryption/AESTextEncryption-Prefix.pch";
				INFOPLIST_FILE = "AESTextEncryption/AESTextEncryption-Info.plist";
				PRODUCT_NAME = "AES Crypto";
				WRAPPER_EXTENSION = app;
			};
			name = Debug;
		};
		2B51DAEC18288CAB008749DA /* Release */ = {
			isa = XCBuildConfiguration;
			buildSettings = {
				ASSETCATALOG_COMPILER_APPICON_NAME = AppIcon;
				ASSETCATALOG_COMPILER_LAUNCHIMAGE_NAME = LaunchImage;
				CODE_SIGN_IDENTITY = "iPhone Developer";
				GCC_PRECOMPILE_PREFIX_HEADER = YES;
				GCC_PREFIX_HEADER = "AESTextEncryption/AESTextEncryption-Prefix.pch";
				INFOPLIST_FILE = "AESTextEncryption/AESTextEncryption-Info.plist";
				PRODUCT_NAME = "AES Crypto";
				WRAPPER_EXTENSION = app;
			};
			name = Release;
		};
		2B7D27461841B1DF0031F1E7 /* Debug */ = {
			isa = XCBuildConfiguration;
			baseConfigurationReference = 960FB1C5A6B8454A8AC8F4A2 /* Pods-AESCryptoTests.xcconfig */;
			buildSettings = {
				ARCHS = "$(ARCHS_STANDARD_INCLUDING_64_BIT)";
				BUNDLE_LOADER = "$(BUILT_PRODUCTS_DIR)/AES Crypto.app/AES Crypto";
				FRAMEWORK_SEARCH_PATHS = (
					"$(SDKROOT)/Developer/Library/Frameworks",
					"$(inherited)",
					"$(DEVELOPER_FRAMEWORKS_DIR)",
				);
				GCC_PRECOMPILE_PREFIX_HEADER = YES;
				GCC_PREFIX_HEADER = "AESCryptoTests/AESCryptoTests-Prefix.pch";
				GCC_PREPROCESSOR_DEFINITIONS = (
					"DEBUG=1",
					"$(inherited)",
				);
				INFOPLIST_FILE = "AESCryptoTests/AESCryptoTests-Info.plist";
				PRODUCT_NAME = "$(TARGET_NAME)";
				TEST_HOST = "$(BUNDLE_LOADER)";
				WRAPPER_EXTENSION = xctest;
			};
			name = Debug;
		};
		2B7D27471841B1DF0031F1E7 /* Release */ = {
			isa = XCBuildConfiguration;
			baseConfigurationReference = 960FB1C5A6B8454A8AC8F4A2 /* Pods-AESCryptoTests.xcconfig */;
			buildSettings = {
				ARCHS = "$(ARCHS_STANDARD_INCLUDING_64_BIT)";
				BUNDLE_LOADER = "$(BUILT_PRODUCTS_DIR)/AES Crypto.app/AES Crypto";
				FRAMEWORK_SEARCH_PATHS = (
					"$(SDKROOT)/Developer/Library/Frameworks",
					"$(inherited)",
					"$(DEVELOPER_FRAMEWORKS_DIR)",
				);
				GCC_PRECOMPILE_PREFIX_HEADER = YES;
				GCC_PREFIX_HEADER = "AESCryptoTests/AESCryptoTests-Prefix.pch";
				INFOPLIST_FILE = "AESCryptoTests/AESCryptoTests-Info.plist";
				PRODUCT_NAME = "$(TARGET_NAME)";
				TEST_HOST = "$(BUNDLE_LOADER)";
				WRAPPER_EXTENSION = xctest;
			};
			name = Release;
		};
/* End XCBuildConfiguration section */

/* Begin XCConfigurationList section */
		2B51DAB018288CAB008749DA /* Build configuration list for PBXProject "AESTextEncryption" */ = {
			isa = XCConfigurationList;
			buildConfigurations = (
				2B51DAE818288CAB008749DA /* Debug */,
				2B51DAE918288CAB008749DA /* Release */,
			);
			defaultConfigurationIsVisible = 0;
			defaultConfigurationName = Release;
		};
		2B51DAEA18288CAB008749DA /* Build configuration list for PBXNativeTarget "AESTextEncryption" */ = {
			isa = XCConfigurationList;
			buildConfigurations = (
				2B51DAEB18288CAB008749DA /* Debug */,
				2B51DAEC18288CAB008749DA /* Release */,
			);
			defaultConfigurationIsVisible = 0;
			defaultConfigurationName = Release;
		};
		2B7D27451841B1DF0031F1E7 /* Build configuration list for PBXNativeTarget "AESCryptoTests" */ = {
			isa = XCConfigurationList;
			buildConfigurations = (
				2B7D27461841B1DF0031F1E7 /* Debug */,
				2B7D27471841B1DF0031F1E7 /* Release */,
			);
			defaultConfigurationIsVisible = 0;
			defaultConfigurationName = Release;
		};
/* End XCConfigurationList section */
	};
	rootObject = 2B51DAAD18288CAB008749DA /* Project object */;
}
